{
  "originHash" : "0bd8da5c3746c864cb825432104ffd967b18365fdeb3262f833f98d4382f6315",
  "pins" : [
    {
      "identity" : "alamofire",
      "kind" : "remoteSourceControl",
      "location" : "https://github.com/Alamofire/Alamofire.git",
      "state" : {
        "revision" : "513364f870f6bfc468f9d2ff0a95caccc10044c5",
        "version" : "5.10.2"
      }
    },
    {
      "identity" : "swift-html-entities",
      "kind" : "remoteSourceControl",
      "location" : "https://github.com/Kitura/swift-html-entities.git",
      "state" : {
        "revision" : "d8ca73197f59ce260c71bd6d7f6eb8bbdccf508b",
        "version" : "4.0.1"
      }
    },
    {
      "identity" : "swiftyjson",
      "kind" : "remoteSourceControl",
      "location" : "https://github.com/SwiftyJSON/SwiftyJSON.git",
      "state" : {
        "revision" : "af76cf3ef710b6ca5f8c05f3a31307d44a3c5828",
        "version" : "5.0.2"
      }
    }
  ],
  "version" : 3
}
