// !$*UTF8*$!
{
	archiveVersion = 1;
	classes = {
	};
	objectVersion = 77;
	objects = {

/* Begin PBXBuildFile section */
		85B5075A2DDEB9B200DC5368 /* HTMLEntities in Frameworks */ = {isa = PBXBuildFile; productRef = 85B507592DDEB9B200DC5368 /* HTMLEntities */; };
		85F36D792DD43C6400FEB35C /* Alamofire in Frameworks */ = {isa = PBXBuildFile; productRef = 85F36D782DD43C6400FEB35C /* Alamofire */; };
		85F36D7C2DD43CB800FEB35C /* SwiftyJSON in Frameworks */ = {isa = PBXBuildFile; productRef = 85F36D7B2DD43CB800FEB35C /* SwiftyJSON */; };
/* End PBXBuildFile section */

/* Begin PBXContainerItemProxy section */
		851301C12DB74D7B00593115 /* PBXContainerItemProxy */ = {
			isa = PBXContainerItemProxy;
			containerPortal = 851301A72DB74D7900593115 /* Project object */;
			proxyType = 1;
			remoteGlobalIDString = 851301AE2DB74D7900593115;
			remoteInfo = GrocerEase;
		};
		851301CB2DB74D7B00593115 /* PBXContainerItemProxy */ = {
			isa = PBXContainerItemProxy;
			containerPortal = 851301A72DB74D7900593115 /* Project object */;
			proxyType = 1;
			remoteGlobalIDString = 851301AE2DB74D7900593115;
			remoteInfo = GrocerEase;
		};
/* End PBXContainerItemProxy section */

/* Begin PBXFileReference section */
		851301AF2DB74D7900593115 /* GrocerEase.app */ = {isa = PBXFileReference; explicitFileType = wrapper.application; includeInIndex = 0; path = GrocerEase.app; sourceTree = BUILT_PRODUCTS_DIR; };
		851301C02DB74D7B00593115 /* GrocerEaseTests.xctest */ = {isa = PBXFileReference; explicitFileType = wrapper.cfbundle; includeInIndex = 0; path = GrocerEaseTests.xctest; sourceTree = BUILT_PRODUCTS_DIR; };
		851301CA2DB74D7B00593115 /* GrocerEaseUITests.xctest */ = {isa = PBXFileReference; explicitFileType = wrapper.cfbundle; includeInIndex = 0; path = GrocerEaseUITests.xctest; sourceTree = BUILT_PRODUCTS_DIR; };
/* End PBXFileReference section */

/* Begin PBXFileSystemSynchronizedBuildFileExceptionSet section */
		851301D22DB74D7B00593115 /* Exceptions for "GrocerEase" folder in "GrocerEase" target */ = {
			isa = PBXFileSystemSynchronizedBuildFileExceptionSet;
			membershipExceptions = (
				Info.plist,
			);
			target = 851301AE2DB74D7900593115 /* GrocerEase */;
		};
/* End PBXFileSystemSynchronizedBuildFileExceptionSet section */

/* Begin PBXFileSystemSynchronizedRootGroup section */
		851301B12DB74D7900593115 /* GrocerEase */ = {
			isa = PBXFileSystemSynchronizedRootGroup;
			exceptions = (
				851301D22DB74D7B00593115 /* Exceptions for "GrocerEase" folder in "GrocerEase" target */,
			);
			path = GrocerEase;
			sourceTree = "<group>";
		};
		851301C32DB74D7B00593115 /* GrocerEaseTests */ = {
			isa = PBXFileSystemSynchronizedRootGroup;
			path = GrocerEaseTests;
			sourceTree = "<group>";
		};
		851301CD2DB74D7B00593115 /* GrocerEaseUITests */ = {
			isa = PBXFileSystemSynchronizedRootGroup;
			path = GrocerEaseUITests;
			sourceTree = "<group>";
		};
/* End PBXFileSystemSynchronizedRootGroup section */

/* Begin PBXFrameworksBuildPhase section */
		851301AC2DB74D7900593115 /* Frameworks */ = {
			isa = PBXFrameworksBuildPhase;
			buildActionMask = 2147483647;
			files = (
				85F36D7C2DD43CB800FEB35C /* SwiftyJSON in Frameworks */,
				85F36D792DD43C6400FEB35C /* Alamofire in Frameworks */,
				85B5075A2DDEB9B200DC5368 /* HTMLEntities in Frameworks */,
			);
			runOnlyForDeploymentPostprocessing = 0;
		};
		851301BD2DB74D7B00593115 /* Frameworks */ = {
			isa = PBXFrameworksBuildPhase;
			buildActionMask = 2147483647;
			files = (
			);
			runOnlyForDeploymentPostprocessing = 0;
		};
		851301C72DB74D7B00593115 /* Frameworks */ = {
			isa = PBXFrameworksBuildPhase;
			buildActionMask = 2147483647;
			files = (
			);
			runOnlyForDeploymentPostprocessing = 0;
		};
/* End PBXFrameworksBuildPhase section */

/* Begin PBXGroup section */
		851301A62DB74D7900593115 = {
			isa = PBXGroup;
			children = (
				851301B12DB74D7900593115 /* GrocerEase */,
				851301C32DB74D7B00593115 /* GrocerEaseTests */,
				851301CD2DB74D7B00593115 /* GrocerEaseUITests */,
				851301B02DB74D7900593115 /* Products */,
			);
			sourceTree = "<group>";
		};
		851301B02DB74D7900593115 /* Products */ = {
			isa = PBXGroup;
			children = (
				851301AF2DB74D7900593115 /* GrocerEase.app */,
				851301C02DB74D7B00593115 /* GrocerEaseTests.xctest */,
				851301CA2DB74D7B00593115 /* GrocerEaseUITests.xctest */,
			);
			name = Products;
			sourceTree = "<group>";
		};
/* End PBXGroup section */

/* Begin PBXNativeTarget section */
		851301AE2DB74D7900593115 /* GrocerEase */ = {
			isa = PBXNativeTarget;
			buildConfigurationList = 851301D32DB74D7B00593115 /* Build configuration list for PBXNativeTarget "GrocerEase" */;
			buildPhases = (
				851301AB2DB74D7900593115 /* Sources */,
				851301AC2DB74D7900593115 /* Frameworks */,
				851301AD2DB74D7900593115 /* Resources */,
			);
			buildRules = (
			);
			dependencies = (
			);
			fileSystemSynchronizedGroups = (
				851301B12DB74D7900593115 /* GrocerEase */,
			);
			name = GrocerEase;
			packageProductDependencies = (
				85F36D782DD43C6400FEB35C /* Alamofire */,
				85F36D7B2DD43CB800FEB35C /* SwiftyJSON */,
				85B507592DDEB9B200DC5368 /* HTMLEntities */,
			);
			productName = GrocerEase;
			productReference = 851301AF2DB74D7900593115 /* GrocerEase.app */;
			productType = "com.apple.product-type.application";
		};
		851301BF2DB74D7B00593115 /* GrocerEaseTests */ = {
			isa = PBXNativeTarget;
			buildConfigurationList = 851301D82DB74D7B00593115 /* Build configuration list for PBXNativeTarget "GrocerEaseTests" */;
			buildPhases = (
				851301BC2DB74D7B00593115 /* Sources */,
				851301BD2DB74D7B00593115 /* Frameworks */,
				851301BE2DB74D7B00593115 /* Resources */,
			);
			buildRules = (
			);
			dependencies = (
				851301C22DB74D7B00593115 /* PBXTargetDependency */,
			);
			fileSystemSynchronizedGroups = (
				851301C32DB74D7B00593115 /* GrocerEaseTests */,
			);
			name = GrocerEaseTests;
			packageProductDependencies = (
			);
			productName = GrocerEaseTests;
			productReference = 851301C02DB74D7B00593115 /* GrocerEaseTests.xctest */;
			productType = "com.apple.product-type.bundle.unit-test";
		};
		851301C92DB74D7B00593115 /* GrocerEaseUITests */ = {
			isa = PBXNativeTarget;
			buildConfigurationList = 851301DB2DB74D7B00593115 /* Build configuration list for PBXNativeTarget "GrocerEaseUITests" */;
			buildPhases = (
				851301C62DB74D7B00593115 /* Sources */,
				851301C72DB74D7B00593115 /* Frameworks */,
				851301C82DB74D7B00593115 /* Resources */,
			);
			buildRules = (
			);
			dependencies = (
				851301CC2DB74D7B00593115 /* PBXTargetDependency */,
			);
			fileSystemSynchronizedGroups = (
				851301CD2DB74D7B00593115 /* GrocerEaseUITests */,
			);
			name = GrocerEaseUITests;
			packageProductDependencies = (
			);
			productName = GrocerEaseUITests;
			productReference = 851301CA2DB74D7B00593115 /* GrocerEaseUITests.xctest */;
			productType = "com.apple.product-type.bundle.ui-testing";
		};
/* End PBXNativeTarget section */

/* Begin PBXProject section */
		851301A72DB74D7900593115 /* Project object */ = {
			isa = PBXProject;
			attributes = {
				BuildIndependentTargetsInParallel = 1;
				LastSwiftUpdateCheck = 1630;
				LastUpgradeCheck = 1630;
				TargetAttributes = {
					851301AE2DB74D7900593115 = {
						CreatedOnToolsVersion = 16.3;
					};
					851301BF2DB74D7B00593115 = {
						CreatedOnToolsVersion = 16.3;
						TestTargetID = 851301AE2DB74D7900593115;
					};
					851301C92DB74D7B00593115 = {
						CreatedOnToolsVersion = 16.3;
						TestTargetID = 851301AE2DB74D7900593115;
					};
				};
			};
			buildConfigurationList = 851301AA2DB74D7900593115 /* Build configuration list for PBXProject "GrocerEase" */;
			developmentRegion = en;
			hasScannedForEncodings = 0;
			knownRegions = (
				en,
				Base,
			);
			mainGroup = 851301A62DB74D7900593115;
			minimizedProjectReferenceProxies = 1;
			packageReferences = (
				85F36D772DD43C6400FEB35C /* XCRemoteSwiftPackageReference "Alamofire" */,
				85F36D7A2DD43C9500FEB35C /* XCRemoteSwiftPackageReference "SwiftyJSON" */,
				85B507582DDEB9B200DC5368 /* XCRemoteSwiftPackageReference "swift-html-entities" */,
			);
			preferredProjectObjectVersion = 77;
			productRefGroup = 851301B02DB74D7900593115 /* Products */;
			projectDirPath = "";
			projectRoot = "";
			targets = (
				851301AE2DB74D7900593115 /* GrocerEase */,
				851301BF2DB74D7B00593115 /* GrocerEaseTests */,
				851301C92DB74D7B00593115 /* GrocerEaseUITests */,
			);
		};
/* End PBXProject section */

/* Begin PBXResourcesBuildPhase section */
		851301AD2DB74D7900593115 /* Resources */ = {
			isa = PBXResourcesBuildPhase;
			buildActionMask = 2147483647;
			files = (
			);
			runOnlyForDeploymentPostprocessing = 0;
		};
		851301BE2DB74D7B00593115 /* Resources */ = {
			isa = PBXResourcesBuildPhase;
			buildActionMask = 2147483647;
			files = (
			);
			runOnlyForDeploymentPostprocessing = 0;
		};
		851301C82DB74D7B00593115 /* Resources */ = {
			isa = PBXResourcesBuildPhase;
			buildActionMask = 2147483647;
			files = (
			);
			runOnlyForDeploymentPostprocessing = 0;
		};
/* End PBXResourcesBuildPhase section */

/* Begin PBXSourcesBuildPhase section */
		851301AB2DB74D7900593115 /* Sources */ = {
			isa = PBXSourcesBuildPhase;
			buildActionMask = 2147483647;
			files = (
			);
			runOnlyForDeploymentPostprocessing = 0;
		};
		851301BC2DB74D7B00593115 /* Sources */ = {
			isa = PBXSourcesBuildPhase;
			buildActionMask = 2147483647;
			files = (
			);
			runOnlyForDeploymentPostprocessing = 0;
		};
		851301C62DB74D7B00593115 /* Sources */ = {
			isa = PBXSourcesBuildPhase;
			buildActionMask = 2147483647;
			files = (
			);
			runOnlyForDeploymentPostprocessing = 0;
		};
/* End PBXSourcesBuildPhase section */

/* Begin PBXTargetDependency section */
		851301C22DB74D7B00593115 /* PBXTargetDependency */ = {
			isa = PBXTargetDependency;
			target = 851301AE2DB74D7900593115 /* GrocerEase */;
			targetProxy = 851301C12DB74D7B00593115 /* PBXContainerItemProxy */;
		};
		851301CC2DB74D7B00593115 /* PBXTargetDependency */ = {
			isa = PBXTargetDependency;
			target = 851301AE2DB74D7900593115 /* GrocerEase */;
			targetProxy = 851301CB2DB74D7B00593115 /* PBXContainerItemProxy */;
		};
/* End PBXTargetDependency section */

/* Begin XCBuildConfiguration section */
		851301D42DB74D7B00593115 /* Debug */ = {
			isa = XCBuildConfiguration;
			buildSettings = {
				ASSETCATALOG_COMPILER_APPICON_NAME = AppIcon;
				ASSETCATALOG_COMPILER_GLOBAL_ACCENT_COLOR_NAME = AccentColor;
				CODE_SIGN_ENTITLEMENTS = GrocerEase/GrocerEase.entitlements;
				CODE_SIGN_STYLE = Automatic;
				CURRENT_PROJECT_VERSION = 1;
				DEVELOPMENT_TEAM = 7YU2NJ97TW;
				ENABLE_PREVIEWS = YES;
				GENERATE_INFOPLIST_FILE = YES;
				INFOPLIST_FILE = GrocerEase/Info.plist;
				INFOPLIST_KEY_NSLocationWhenInUseUsageDescription = "The app needs access to your location to locate grocery stores near you.";
				INFOPLIST_KEY_UIApplicationSceneManifest_Generation = YES;
				INFOPLIST_KEY_UIApplicationSupportsIndirectInputEvents = YES;
				INFOPLIST_KEY_UILaunchScreen_Generation = YES;
				INFOPLIST_KEY_UISupportedInterfaceOrientations_iPad = "UIInterfaceOrientationPortrait UIInterfaceOrientationPortraitUpsideDown UIInterfaceOrientationLandscapeLeft UIInterfaceOrientationLandscapeRight";
				INFOPLIST_KEY_UISupportedInterfaceOrientations_iPhone = "UIInterfaceOrientationPortrait UIInterfaceOrientationLandscapeLeft UIInterfaceOrientationLandscapeRight";
				IPHONEOS_DEPLOYMENT_TARGET = 18.0;
				LD_RUNPATH_SEARCH_PATHS = (
					"$(inherited)",
					"@executable_path/Frameworks",
				);
				MARKETING_VERSION = 1.0;
				PRODUCT_BUNDLE_IDENTIFIER = com.FinlayNathan.GrocerEase;
				PRODUCT_NAME = "$(TARGET_NAME)";
				SWIFT_EMIT_LOC_STRINGS = YES;
				SWIFT_VERSION = 5.0;
				TARGETED_DEVICE_FAMILY = "1,2";
			};
			name = Debug;
		};
		851301D52DB74D7B00593115 /* Release */ = {
			isa = XCBuildConfiguration;
			buildSettings = {
				ASSETCATALOG_COMPILER_APPICON_NAME = AppIcon;
				ASSETCATALOG_COMPILER_GLOBAL_ACCENT_COLOR_NAME = AccentColor;
				CODE_SIGN_ENTITLEMENTS = GrocerEase/GrocerEase.entitlements;
				CODE_SIGN_STYLE = Automatic;
				CURRENT_PROJECT_VERSION = 1;
				DEVELOPMENT_TEAM = 7YU2NJ97TW;
				ENABLE_PREVIEWS = YES;
				GENERATE_INFOPLIST_FILE = YES;
				INFOPLIST_FILE = GrocerEase/Info.plist;
				INFOPLIST_KEY_NSLocationWhenInUseUsageDescription = "The app needs access to your location to locate grocery stores near you.";
				INFOPLIST_KEY_UIApplicationSceneManifest_Generation = YES;
				INFOPLIST_KEY_UIApplicationSupportsIndirectInputEvents = YES;
				INFOPLIST_KEY_UILaunchScreen_Generation = YES;
				INFOPLIST_KEY_UISupportedInterfaceOrientations_iPad = "UIInterfaceOrientationPortrait UIInterfaceOrientationPortraitUpsideDown UIInterfaceOrientationLandscapeLeft UIInterfaceOrientationLandscapeRight";
				INFOPLIST_KEY_UISupportedInterfaceOrientations_iPhone = "UIInterfaceOrientationPortrait UIInterfaceOrientationLandscapeLeft UIInterfaceOrientationLandscapeRight";
				IPHONEOS_DEPLOYMENT_TARGET = 18.0;
				LD_RUNPATH_SEARCH_PATHS = (
					"$(inherited)",
					"@executable_path/Frameworks",
				);
				MARKETING_VERSION = 1.0;
				PRODUCT_BUNDLE_IDENTIFIER = com.FinlayNathan.GrocerEase;
				PRODUCT_NAME = "$(TARGET_NAME)";
				SWIFT_EMIT_LOC_STRINGS = YES;
				SWIFT_VERSION = 5.0;
				TARGETED_DEVICE_FAMILY = "1,2";
			};
			name = Release;
		};
		851301D62DB74D7B00593115 /* Debug */ = {
			isa = XCBuildConfiguration;
			buildSettings = {
				ALWAYS_SEARCH_USER_PATHS = NO;
				ASSETCATALOG_COMPILER_GENERATE_SWIFT_ASSET_SYMBOL_EXTENSIONS = YES;
				CLANG_ANALYZER_NONNULL = YES;
				CLANG_ANALYZER_NUMBER_OBJECT_CONVERSION = YES_AGGRESSIVE;
				CLANG_CXX_LANGUAGE_STANDARD = "gnu++20";
				CLANG_ENABLE_MODULES = YES;
				CLANG_ENABLE_OBJC_ARC = YES;
				CLANG_ENABLE_OBJC_WEAK = YES;
				CLANG_WARN_BLOCK_CAPTURE_AUTORELEASING = YES;
				CLANG_WARN_BOOL_CONVERSION = YES;
				CLANG_WARN_COMMA = YES;
				CLANG_WARN_CONSTANT_CONVERSION = YES;
				CLANG_WARN_DEPRECATED_OBJC_IMPLEMENTATIONS = YES;
				CLANG_WARN_DIRECT_OBJC_ISA_USAGE = YES_ERROR;
				CLANG_WARN_DOCUMENTATION_COMMENTS = YES;
				CLANG_WARN_EMPTY_BODY = YES;
				CLANG_WARN_ENUM_CONVERSION = YES;
				CLANG_WARN_INFINITE_RECURSION = YES;
				CLANG_WARN_INT_CONVERSION = YES;
				CLANG_WARN_NON_LITERAL_NULL_CONVERSION = YES;
				CLANG_WARN_OBJC_IMPLICIT_RETAIN_SELF = YES;
				CLANG_WARN_OBJC_LITERAL_CONVERSION = YES;
				CLANG_WARN_OBJC_ROOT_CLASS = YES_ERROR;
				CLANG_WARN_QUOTED_INCLUDE_IN_FRAMEWORK_HEADER = YES;
				CLANG_WARN_RANGE_LOOP_ANALYSIS = YES;
				CLANG_WARN_STRICT_PROTOTYPES = YES;
				CLANG_WARN_SUSPICIOUS_MOVE = YES;
				CLANG_WARN_UNGUARDED_AVAILABILITY = YES_AGGRESSIVE;
				CLANG_WARN_UNREACHABLE_CODE = YES;
				CLANG_WARN__DUPLICATE_METHOD_MATCH = YES;
				COPY_PHASE_STRIP = NO;
				DEBUG_INFORMATION_FORMAT = dwarf;
				DEVELOPMENT_TEAM = 7YU2NJ97TW;
				ENABLE_STRICT_OBJC_MSGSEND = YES;
				ENABLE_TESTABILITY = YES;
				ENABLE_USER_SCRIPT_SANDBOXING = YES;
				GCC_C_LANGUAGE_STANDARD = gnu17;
				GCC_DYNAMIC_NO_PIC = NO;
				GCC_NO_COMMON_BLOCKS = YES;
				GCC_OPTIMIZATION_LEVEL = 0;
				GCC_PREPROCESSOR_DEFINITIONS = (
					"DEBUG=1",
					"$(inherited)",
				);
				GCC_WARN_64_TO_32_BIT_CONVERSION = YES;
				GCC_WARN_ABOUT_RETURN_TYPE = YES_ERROR;
				GCC_WARN_UNDECLARED_SELECTOR = YES;
				GCC_WARN_UNINITIALIZED_AUTOS = YES_AGGRESSIVE;
				GCC_WARN_UNUSED_FUNCTION = YES;
				GCC_WARN_UNUSED_VARIABLE = YES;
				IPHONEOS_DEPLOYMENT_TARGET = 18.4;
				LOCALIZATION_PREFERS_STRING_CATALOGS = YES;
				MTL_ENABLE_DEBUG_INFO = INCLUDE_SOURCE;
				MTL_FAST_MATH = YES;
				ONLY_ACTIVE_ARCH = YES;
				SDKROOT = iphoneos;
				SWIFT_ACTIVE_COMPILATION_CONDITIONS = "DEBUG $(inherited)";
				SWIFT_OPTIMIZATION_LEVEL = "-Onone";
			};
			name = Debug;
		};
		851301D72DB74D7B00593115 /* Release */ = {
			isa = XCBuildConfiguration;
			buildSettings = {
				ALWAYS_SEARCH_USER_PATHS = NO;
				ASSETCATALOG_COMPILER_GENERATE_SWIFT_ASSET_SYMBOL_EXTENSIONS = YES;
				CLANG_ANALYZER_NONNULL = YES;
				CLANG_ANALYZER_NUMBER_OBJECT_CONVERSION = YES_AGGRESSIVE;
				CLANG_CXX_LANGUAGE_STANDARD = "gnu++20";
				CLANG_ENABLE_MODULES = YES;
				CLANG_ENABLE_OBJC_ARC = YES;
				CLANG_ENABLE_OBJC_WEAK = YES;
				CLANG_WARN_BLOCK_CAPTURE_AUTORELEASING = YES;
				CLANG_WARN_BOOL_CONVERSION = YES;
				CLANG_WARN_COMMA = YES;
				CLANG_WARN_CONSTANT_CONVERSION = YES;
				CLANG_WARN_DEPRECATED_OBJC_IMPLEMENTATIONS = YES;
				CLANG_WARN_DIRECT_OBJC_ISA_USAGE = YES_ERROR;
				CLANG_WARN_DOCUMENTATION_COMMENTS = YES;
				CLANG_WARN_EMPTY_BODY = YES;
				CLANG_WARN_ENUM_CONVERSION = YES;
				CLANG_WARN_INFINITE_RECURSION = YES;
				CLANG_WARN_INT_CONVERSION = YES;
				CLANG_WARN_NON_LITERAL_NULL_CONVERSION = YES;
				CLANG_WARN_OBJC_IMPLICIT_RETAIN_SELF = YES;
				CLANG_WARN_OBJC_LITERAL_CONVERSION = YES;
				CLANG_WARN_OBJC_ROOT_CLASS = YES_ERROR;
				CLANG_WARN_QUOTED_INCLUDE_IN_FRAMEWORK_HEADER = YES;
				CLANG_WARN_RANGE_LOOP_ANALYSIS = YES;
				CLANG_WARN_STRICT_PROTOTYPES = YES;
				CLANG_WARN_SUSPICIOUS_MOVE = YES;
				CLANG_WARN_UNGUARDED_AVAILABILITY = YES_AGGRESSIVE;
				CLANG_WARN_UNREACHABLE_CODE = YES;
				CLANG_WARN__DUPLICATE_METHOD_MATCH = YES;
				COPY_PHASE_STRIP = NO;
				DEBUG_INFORMATION_FORMAT = "dwarf-with-dsym";
				DEVELOPMENT_TEAM = 7YU2NJ97TW;
				ENABLE_NS_ASSERTIONS = NO;
				ENABLE_STRICT_OBJC_MSGSEND = YES;
				ENABLE_USER_SCRIPT_SANDBOXING = YES;
				GCC_C_LANGUAGE_STANDARD = gnu17;
				GCC_NO_COMMON_BLOCKS = YES;
				GCC_WARN_64_TO_32_BIT_CONVERSION = YES;
				GCC_WARN_ABOUT_RETURN_TYPE = YES_ERROR;
				GCC_WARN_UNDECLARED_SELECTOR = YES;
				GCC_WARN_UNINITIALIZED_AUTOS = YES_AGGRESSIVE;
				GCC_WARN_UNUSED_FUNCTION = YES;
				GCC_WARN_UNUSED_VARIABLE = YES;
				IPHONEOS_DEPLOYMENT_TARGET = 18.4;
				LOCALIZATION_PREFERS_STRING_CATALOGS = YES;
				MTL_ENABLE_DEBUG_INFO = NO;
				MTL_FAST_MATH = YES;
				SDKROOT = iphoneos;
				SWIFT_COMPILATION_MODE = wholemodule;
				VALIDATE_PRODUCT = YES;
			};
			name = Release;
		};
		851301D92DB74D7B00593115 /* Debug */ = {
			isa = XCBuildConfiguration;
			buildSettings = {
				BUNDLE_LOADER = "$(TEST_HOST)";
				CODE_SIGN_STYLE = Automatic;
				CURRENT_PROJECT_VERSION = 1;
				DEVELOPMENT_TEAM = 7YU2NJ97TW;
				GENERATE_INFOPLIST_FILE = YES;
				IPHONEOS_DEPLOYMENT_TARGET = 18.4;
				MARKETING_VERSION = 1.0;
				PRODUCT_BUNDLE_IDENTIFIER = com.FinlayNathan.GrocerEaseTests;
				PRODUCT_NAME = "$(TARGET_NAME)";
				SWIFT_EMIT_LOC_STRINGS = NO;
				SWIFT_VERSION = 5.0;
				TARGETED_DEVICE_FAMILY = "1,2";
				TEST_HOST = "$(BUILT_PRODUCTS_DIR)/GrocerEase.app/$(BUNDLE_EXECUTABLE_FOLDER_PATH)/GrocerEase";
			};
			name = Debug;
		};
		851301DA2DB74D7B00593115 /* Release */ = {
			isa = XCBuildConfiguration;
			buildSettings = {
				BUNDLE_LOADER = "$(TEST_HOST)";
				CODE_SIGN_STYLE = Automatic;
				CURRENT_PROJECT_VERSION = 1;
				DEVELOPMENT_TEAM = 7YU2NJ97TW;
				GENERATE_INFOPLIST_FILE = YES;
				IPHONEOS_DEPLOYMENT_TARGET = 18.4;
				MARKETING_VERSION = 1.0;
				PRODUCT_BUNDLE_IDENTIFIER = com.FinlayNathan.GrocerEaseTests;
				PRODUCT_NAME = "$(TARGET_NAME)";
				SWIFT_EMIT_LOC_STRINGS = NO;
				SWIFT_VERSION = 5.0;
				TARGETED_DEVICE_FAMILY = "1,2";
				TEST_HOST = "$(BUILT_PRODUCTS_DIR)/GrocerEase.app/$(BUNDLE_EXECUTABLE_FOLDER_PATH)/GrocerEase";
			};
			name = Release;
		};
		851301DC2DB74D7B00593115 /* Debug */ = {
			isa = XCBuildConfiguration;
			buildSettings = {
				CODE_SIGN_STYLE = Automatic;
				CURRENT_PROJECT_VERSION = 1;
				DEVELOPMENT_TEAM = 7YU2NJ97TW;
				GENERATE_INFOPLIST_FILE = YES;
				MARKETING_VERSION = 1.0;
				PRODUCT_BUNDLE_IDENTIFIER = com.FinlayNathan.GrocerEaseUITests;
				PRODUCT_NAME = "$(TARGET_NAME)";
				SWIFT_EMIT_LOC_STRINGS = NO;
				SWIFT_VERSION = 5.0;
				TARGETED_DEVICE_FAMILY = "1,2";
				TEST_TARGET_NAME = GrocerEase;
			};
			name = Debug;
		};
		851301DD2DB74D7B00593115 /* Release */ = {
			isa = XCBuildConfiguration;
			buildSettings = {
				CODE_SIGN_STYLE = Automatic;
				CURRENT_PROJECT_VERSION = 1;
				DEVELOPMENT_TEAM = 7YU2NJ97TW;
				GENERATE_INFOPLIST_FILE = YES;
				MARKETING_VERSION = 1.0;
				PRODUCT_BUNDLE_IDENTIFIER = com.FinlayNathan.GrocerEaseUITests;
				PRODUCT_NAME = "$(TARGET_NAME)";
				SWIFT_EMIT_LOC_STRINGS = NO;
				SWIFT_VERSION = 5.0;
				TARGETED_DEVICE_FAMILY = "1,2";
				TEST_TARGET_NAME = GrocerEase;
			};
			name = Release;
		};
/* End XCBuildConfiguration section */

/* Begin XCConfigurationList section */
		851301AA2DB74D7900593115 /* Build configuration list for PBXProject "GrocerEase" */ = {
			isa = XCConfigurationList;
			buildConfigurations = (
				851301D62DB74D7B00593115 /* Debug */,
				851301D72DB74D7B00593115 /* Release */,
			);
			defaultConfigurationIsVisible = 0;
			defaultConfigurationName = Release;
		};
		851301D32DB74D7B00593115 /* Build configuration list for PBXNativeTarget "GrocerEase" */ = {
			isa = XCConfigurationList;
			buildConfigurations = (
				851301D42DB74D7B00593115 /* Debug */,
				851301D52DB74D7B00593115 /* Release */,
			);
			defaultConfigurationIsVisible = 0;
			defaultConfigurationName = Release;
		};
		851301D82DB74D7B00593115 /* Build configuration list for PBXNativeTarget "GrocerEaseTests" */ = {
			isa = XCConfigurationList;
			buildConfigurations = (
				851301D92DB74D7B00593115 /* Debug */,
				851301DA2DB74D7B00593115 /* Release */,
			);
			defaultConfigurationIsVisible = 0;
			defaultConfigurationName = Release;
		};
		851301DB2DB74D7B00593115 /* Build configuration list for PBXNativeTarget "GrocerEaseUITests" */ = {
			isa = XCConfigurationList;
			buildConfigurations = (
				851301DC2DB74D7B00593115 /* Debug */,
				851301DD2DB74D7B00593115 /* Release */,
			);
			defaultConfigurationIsVisible = 0;
			defaultConfigurationName = Release;
		};
/* End XCConfigurationList section */

/* Begin XCRemoteSwiftPackageReference section */
		85B507582DDEB9B200DC5368 /* XCRemoteSwiftPackageReference "swift-html-entities" */ = {
			isa = XCRemoteSwiftPackageReference;
			repositoryURL = "https://github.com/Kitura/swift-html-entities.git";
			requirement = {
				kind = upToNextMajorVersion;
				minimumVersion = 4.0.1;
			};
		};
		85F36D772DD43C6400FEB35C /* XCRemoteSwiftPackageReference "Alamofire" */ = {
			isa = XCRemoteSwiftPackageReference;
			repositoryURL = "https://github.com/Alamofire/Alamofire.git";
			requirement = {
				kind = upToNextMajorVersion;
				minimumVersion = 5.10.2;
			};
		};
		85F36D7A2DD43C9500FEB35C /* XCRemoteSwiftPackageReference "SwiftyJSON" */ = {
			isa = XCRemoteSwiftPackageReference;
			repositoryURL = "https://github.com/SwiftyJSON/SwiftyJSON.git";
			requirement = {
				kind = upToNextMajorVersion;
				minimumVersion = 5.0.2;
			};
		};
/* End XCRemoteSwiftPackageReference section */

/* Begin XCSwiftPackageProductDependency section */
		85B507592DDEB9B200DC5368 /* HTMLEntities */ = {
			isa = XCSwiftPackageProductDependency;
			package = 85B507582DDEB9B200DC5368 /* XCRemoteSwiftPackageReference "swift-html-entities" */;
			productName = HTMLEntities;
		};
		85F36D782DD43C6400FEB35C /* Alamofire */ = {
			isa = XCSwiftPackageProductDependency;
			package = 85F36D772DD43C6400FEB35C /* XCRemoteSwiftPackageReference "Alamofire" */;
			productName = Alamofire;
		};
		85F36D7B2DD43CB800FEB35C /* SwiftyJSON */ = {
			isa = XCSwiftPackageProductDependency;
			package = 85F36D7A2DD43C9500FEB35C /* XCRemoteSwiftPackageReference "SwiftyJSON" */;
			productName = SwiftyJSON;
		};
/* End XCSwiftPackageProductDependency section */
	};
	rootObject = 851301A72DB74D7900593115 /* Project object */;
}
